
Microsoft Visual Studio Solution File, Format Version 12.00
# Visual Studio 2012
Project("{FAE04EC0-301F-11D3-BF4B-00C04F79EFBC}") = "01.ExchangeIfGreater", "ExchangeIfGreater\01.ExchangeIfGreater.csproj", "{6724A519-5994-4F40-8087-D89A4CBCCFE1}"
EndProject
Project("{FAE04EC0-301F-11D3-BF4B-00C04F79EFBC}") = "02.BonusScore", "BonusScore\02.BonusScore.csproj", "{10B72C8D-DB34-460E-B54E-B9FF359D8366}"
EndProject
Project("{FAE04EC0-301F-11D3-BF4B-00C04F79EFBC}") = "03.CheckForAPlayCard", "CheckForAPlayCard\03.CheckForAPlayCard.csproj", "{02E8EEA0-A1FA-4B60-9162-F1A034E2F6FA}"
EndProject
Project("{FAE04EC0-301F-11D3-BF4B-00C04F79EFBC}") = "05.BiggestNumber", "BiggestNumber\05.BiggestNumber.csproj", "{12E45BCC-F3C1-4CFC-8AA8-2371BB340B54}"
EndProject
Project("{FAE04EC0-301F-11D3-BF4B-00C04F79EFBC}") = "08.DigitAsWord", "DigitAsWord\08.DigitAsWord.csproj", "{17C95F2E-DC52-4690-8E65-3D8E7202FB88}"
EndProject
Project("{FAE04EC0-301F-11D3-BF4B-00C04F79EFBC}") = "09.PlayWithIntDoubleAndString", "PlayWithIntDoubleAndString\09.PlayWithIntDoubleAndString.csproj", "{125978D6-2110-434F-BA12-896508534E91}"
EndProject
Project("{FAE04EC0-301F-11D3-BF4B-00C04F79EFBC}") = "07.SortThreeNumbers", "SortThreeNumbers\07.SortThreeNumbers.csproj", "{A8AACDFE-1812-482F-A034-E181D15010BC}"
EndProject
Project("{FAE04EC0-301F-11D3-BF4B-00C04F79EFBC}") = "06.TheBiggestOfFiveNumbers", "TheBiggestOfFiveNumbers\06.TheBiggestOfFiveNumbers.csproj", "{614D003F-E9BA-489F-93EC-5358570B7EE3}"
EndProject
Global
	GlobalSection(SolutionConfigurationPlatforms) = preSolution
		Debug|Any CPU = Debug|Any CPU
		Release|Any CPU = Release|Any CPU
	EndGlobalSection
	GlobalSection(ProjectConfigurationPlatforms) = postSolution
		{6724A519-5994-4F40-8087-D89A4CBCCFE1}.Debug|Any CPU.ActiveCfg = Debug|Any CPU
		{6724A519-5994-4F40-8087-D89A4CBCCFE1}.Debug|Any CPU.Build.0 = Debug|Any CPU
		{6724A519-5994-4F40-8087-D89A4CBCCFE1}.Release|Any CPU.ActiveCfg = Release|Any CPU
		{6724A519-5994-4F40-8087-D89A4CBCCFE1}.Release|Any CPU.Build.0 = Release|Any CPU
		{10B72C8D-DB34-460E-B54E-B9FF359D8366}.Debug|Any CPU.ActiveCfg = Debug|Any CPU
		{10B72C8D-DB34-460E-B54E-B9FF359D8366}.Debug|Any CPU.Build.0 = Debug|Any CPU
		{10B72C8D-DB34-460E-B54E-B9FF359D8366}.Release|Any CPU.ActiveCfg = Release|Any CPU
		{10B72C8D-DB34-460E-B54E-B9FF359D8366}.Release|Any CPU.Build.0 = Release|Any CPU
		{02E8EEA0-A1FA-4B60-9162-F1A034E2F6FA}.Debug|Any CPU.ActiveCfg = Debug|Any CPU
		{02E8EEA0-A1FA-4B60-9162-F1A034E2F6FA}.Debug|Any CPU.Build.0 = Debug|Any CPU
		{02E8EEA0-A1FA-4B60-9162-F1A034E2F6FA}.Release|Any CPU.ActiveCfg = Release|Any CPU
		{02E8EEA0-A1FA-4B60-9162-F1A034E2F6FA}.Release|Any CPU.Build.0 = Release|Any CPU
		{12E45BCC-F3C1-4CFC-8AA8-2371BB340B54}.Debug|Any CPU.ActiveCfg = Debug|Any CPU
		{12E45BCC-F3C1-4CFC-8AA8-2371BB340B54}.Debug|Any CPU.Build.0 = Debug|Any CPU
		{12E45BCC-F3C1-4CFC-8AA8-2371BB340B54}.Release|Any CPU.ActiveCfg = Release|Any CPU
		{12E45BCC-F3C1-4CFC-8AA8-2371BB340B54}.Release|Any CPU.Build.0 = Release|Any CPU
		{17C95F2E-DC52-4690-8E65-3D8E7202FB88}.Debug|Any CPU.ActiveCfg = Debug|Any CPU
		{17C95F2E-DC52-4690-8E65-3D8E7202FB88}.Debug|Any CPU.Build.0 = Debug|Any CPU
		{17C95F2E-DC52-4690-8E65-3D8E7202FB88}.Release|Any CPU.ActiveCfg = Release|Any CPU
		{17C95F2E-DC52-4690-8E65-3D8E7202FB88}.Release|Any CPU.Build.0 = Release|Any CPU
		{125978D6-2110-434F-BA12-896508534E91}.Debug|Any CPU.ActiveCfg = Debug|Any CPU
		{125978D6-2110-434F-BA12-896508534E91}.Debug|Any CPU.Build.0 = Debug|Any CPU
		{125978D6-2110-434F-BA12-896508534E91}.Release|Any CPU.ActiveCfg = Release|Any CPU
		{125978D6-2110-434F-BA12-896508534E91}.Release|Any CPU.Build.0 = Release|Any CPU
		{A8AACDFE-1812-482F-A034-E181D15010BC}.Debug|Any CPU.ActiveCfg = Debug|Any CPU
		{A8AACDFE-1812-482F-A034-E181D15010BC}.Debug|Any CPU.Build.0 = Debug|Any CPU
		{A8AACDFE-1812-482F-A034-E181D15010BC}.Release|Any CPU.ActiveCfg = Release|Any CPU
		{A8AACDFE-1812-482F-A034-E181D15010BC}.Release|Any CPU.Build.0 = Release|Any CPU
		{614D003F-E9BA-489F-93EC-5358570B7EE3}.Debug|Any CPU.ActiveCfg = Debug|Any CPU
		{614D003F-E9BA-489F-93EC-5358570B7EE3}.Debug|Any CPU.Build.0 = Debug|Any CPU
		{614D003F-E9BA-489F-93EC-5358570B7EE3}.Release|Any CPU.ActiveCfg = Release|Any CPU
		{614D003F-E9BA-489F-93EC-5358570B7EE3}.Release|Any CPU.Build.0 = Release|Any CPU
	EndGlobalSection
	GlobalSection(SolutionProperties) = preSolution
		HideSolutionNode = FALSE
	EndGlobalSection
EndGlobal
